
Microsoft Visual Studio Solution File, Format Version 12.00
# Visual Studio 14
VisualStudioVersion = 14.0.25420.1
MinimumVisualStudioVersion = 10.0.40219.1
Project("{FAE04EC0-301F-11D3-BF4B-00C04F79EFBC}") = "MiniChatServer", "MiniChatServer\MiniChatServer.csproj", "{C80A7145-796E-41AA-B68A-8DE7B870E167}"
EndProject
Project("{FAE04EC0-301F-11D3-BF4B-00C04F79EFBC}") = "MinChatClient", "MinChatClient\MinChatClient.csproj", "{ACB93900-8C46-43DD-8F9E-D21F8FEA2BAF}"
EndProject
Global
	GlobalSection(SolutionConfigurationPlatforms) = preSolution
		Debug|Any CPU = Debug|Any CPU
		Release|Any CPU = Release|Any CPU
	EndGlobalSection
	GlobalSection(ProjectConfigurationPlatforms) = postSolution
		{C80A7145-796E-41AA-B68A-8DE7B870E167}.Debug|Any CPU.ActiveCfg = Debug|Any CPU
		{C80A7145-796E-41AA-B68A-8DE7B870E167}.Debug|Any CPU.Build.0 = Debug|Any CPU
		{C80A7145-796E-41AA-B68A-8DE7B870E167}.Release|Any CPU.ActiveCfg = Release|Any CPU
		{C80A7145-796E-41AA-B68A-8DE7B870E167}.Release|Any CPU.Build.0 = Release|Any CPU
		{ACB93900-8C46-43DD-8F9E-D21F8FEA2BAF}.Debug|Any CPU.ActiveCfg = Debug|Any CPU
		{ACB93900-8C46-43DD-8F9E-D21F8FEA2BAF}.Debug|Any CPU.Build.0 = Debug|Any CPU
		{ACB93900-8C46-43DD-8F9E-D21F8FEA2BAF}.Release|Any CPU.ActiveCfg = Release|Any CPU
		{ACB93900-8C46-43DD-8F9E-D21F8FEA2BAF}.Release|Any CPU.Build.0 = Release|Any CPU
	EndGlobalSection
	GlobalSection(SolutionProperties) = preSolution
		HideSolutionNode = FALSE
	EndGlobalSection
EndGlobal
